// !$*UTF8*$!
{
	archiveVersion = 1;
	classes = {
	};
	objectVersion = 77;
	objects = {

/* Begin PBXBuildFile section */
		CC886A1C2E36E9DC00DAB5C1 /* iPhoneNumberField in Frameworks */ = {isa = PBXBuildFile; productRef = CC886A1B2E36E9DC00DAB5C1 /* iPhoneNumberField */; };
/* End PBXBuildFile section */

/* Begin PBXContainerItemProxy section */
		CCC4E80C2E35AD90002078C1 /* PBXContainerItemProxy */ = {
			isa = PBXContainerItemProxy;
			containerPortal = CCC4E7F52E35AD8E002078C1 /* Project object */;
			proxyType = 1;
			remoteGlobalIDString = CCC4E7FC2E35AD8E002078C1;
			remoteInfo = UmmahConnect;
		};
		CCC4E8162E35AD90002078C1 /* PBXContainerItemProxy */ = {
			isa = PBXContainerItemProxy;
			containerPortal = CCC4E7F52E35AD8E002078C1 /* Project object */;
			proxyType = 1;
			remoteGlobalIDString = CCC4E7FC2E35AD8E002078C1;
			remoteInfo = UmmahConnect;
		};
/* End PBXContainerItemProxy section */

/* Begin PBXFileReference section */
		CC2236C02E36DAE400ED0A22 /* PhoneNumberKit.appex */ = {isa = PBXFileReference; explicitFileType = "wrapper.extensionkit-extension"; includeInIndex = 0; path = PhoneNumberKit.appex; sourceTree = BUILT_PRODUCTS_DIR; };
		CCC4E7FD2E35AD8E002078C1 /* UmmahConnect.app */ = {isa = PBXFileReference; explicitFileType = wrapper.application; includeInIndex = 0; path = UmmahConnect.app; sourceTree = BUILT_PRODUCTS_DIR; };
		CCC4E80B2E35AD90002078C1 /* UmmahConnectTests.xctest */ = {isa = PBXFileReference; explicitFileType = wrapper.cfbundle; includeInIndex = 0; path = UmmahConnectTests.xctest; sourceTree = BUILT_PRODUCTS_DIR; };
		CCC4E8152E35AD90002078C1 /* UmmahConnectUITests.xctest */ = {isa = PBXFileReference; explicitFileType = wrapper.cfbundle; includeInIndex = 0; path = UmmahConnectUITests.xctest; sourceTree = BUILT_PRODUCTS_DIR; };
/* End PBXFileReference section */

/* Begin PBXFileSystemSynchronizedBuildFileExceptionSet section */
		CC2236C82E36DAE400ED0A22 /* Exceptions for "PhoneNumberKit" folder in "PhoneNumberKit" target */ = {
			isa = PBXFileSystemSynchronizedBuildFileExceptionSet;
			membershipExceptions = (
				Info.plist,
			);
			target = CC2236BF2E36DAE400ED0A22 /* PhoneNumberKit */;
		};
/* End PBXFileSystemSynchronizedBuildFileExceptionSet section */

/* Begin PBXFileSystemSynchronizedRootGroup section */
		CC2236C12E36DAE400ED0A22 /* PhoneNumberKit */ = {
			isa = PBXFileSystemSynchronizedRootGroup;
			exceptions = (
				CC2236C82E36DAE400ED0A22 /* Exceptions for "PhoneNumberKit" folder in "PhoneNumberKit" target */,
			);
			path = PhoneNumberKit;
			sourceTree = "<group>";
		};
		CCC4E7FF2E35AD8E002078C1 /* UmmahConnect */ = {
			isa = PBXFileSystemSynchronizedRootGroup;
			path = UmmahConnect;
			sourceTree = "<group>";
		};
		CCC4E80E2E35AD90002078C1 /* UmmahConnectTests */ = {
			isa = PBXFileSystemSynchronizedRootGroup;
			path = UmmahConnectTests;
			sourceTree = "<group>";
		};
		CCC4E8182E35AD90002078C1 /* UmmahConnectUITests */ = {
			isa = PBXFileSystemSynchronizedRootGroup;
			path = UmmahConnectUITests;
			sourceTree = "<group>";
		};
/* End PBXFileSystemSynchronizedRootGroup section */

/* Begin PBXFrameworksBuildPhase section */
		CC2236BD2E36DAE400ED0A22 /* Frameworks */ = {
			isa = PBXFrameworksBuildPhase;
			buildActionMask = 2147483647;
			files = (
			);
			runOnlyForDeploymentPostprocessing = 0;
		};
		CCC4E7FA2E35AD8E002078C1 /* Frameworks */ = {
			isa = PBXFrameworksBuildPhase;
			buildActionMask = 2147483647;
			files = (
				CC886A1C2E36E9DC00DAB5C1 /* iPhoneNumberField in Frameworks */,
			);
			runOnlyForDeploymentPostprocessing = 0;
		};
		CCC4E8082E35AD90002078C1 /* Frameworks */ = {
			isa = PBXFrameworksBuildPhase;
			buildActionMask = 2147483647;
			files = (
			);
			runOnlyForDeploymentPostprocessing = 0;
		};
		CCC4E8122E35AD90002078C1 /* Frameworks */ = {
			isa = PBXFrameworksBuildPhase;
			buildActionMask = 2147483647;
			files = (
			);
			runOnlyForDeploymentPostprocessing = 0;
		};
/* End PBXFrameworksBuildPhase section */

/* Begin PBXGroup section */
		CC8869BB2E36DBEB00DAB5C1 /* Frameworks */ = {
			isa = PBXGroup;
			children = (
			);
			name = Frameworks;
			sourceTree = "<group>";
		};
		CCC4E7F42E35AD8E002078C1 = {
			isa = PBXGroup;
			children = (
				CCC4E7FF2E35AD8E002078C1 /* UmmahConnect */,
				CCC4E80E2E35AD90002078C1 /* UmmahConnectTests */,
				CCC4E8182E35AD90002078C1 /* UmmahConnectUITests */,
				CC2236C12E36DAE400ED0A22 /* PhoneNumberKit */,
				CC8869BB2E36DBEB00DAB5C1 /* Frameworks */,
				CCC4E7FE2E35AD8E002078C1 /* Products */,
			);
			sourceTree = "<group>";
		};
		CCC4E7FE2E35AD8E002078C1 /* Products */ = {
			isa = PBXGroup;
			children = (
				CCC4E7FD2E35AD8E002078C1 /* UmmahConnect.app */,
				CCC4E80B2E35AD90002078C1 /* UmmahConnectTests.xctest */,
				CCC4E8152E35AD90002078C1 /* UmmahConnectUITests.xctest */,
				CC2236C02E36DAE400ED0A22 /* PhoneNumberKit.appex */,
			);
			name = Products;
			sourceTree = "<group>";
		};
/* End PBXGroup section */

/* Begin PBXNativeTarget section */
		CC2236BF2E36DAE400ED0A22 /* PhoneNumberKit */ = {
			isa = PBXNativeTarget;
			buildConfigurationList = CC2236C92E36DAE400ED0A22 /* Build configuration list for PBXNativeTarget "PhoneNumberKit" */;
			buildPhases = (
				CC2236BC2E36DAE400ED0A22 /* Sources */,
				CC2236BD2E36DAE400ED0A22 /* Frameworks */,
				CC2236BE2E36DAE400ED0A22 /* Resources */,
			);
			buildRules = (
			);
			dependencies = (
			);
			fileSystemSynchronizedGroups = (
				CC2236C12E36DAE400ED0A22 /* PhoneNumberKit */,
			);
			name = PhoneNumberKit;
			packageProductDependencies = (
			);
			productName = PhoneNumberKit;
			productReference = CC2236C02E36DAE400ED0A22 /* PhoneNumberKit.appex */;
			productType = "com.apple.product-type.extensionkit-extension";
		};
		CCC4E7FC2E35AD8E002078C1 /* UmmahConnect */ = {
			isa = PBXNativeTarget;
			buildConfigurationList = CCC4E81F2E35AD90002078C1 /* Build configuration list for PBXNativeTarget "UmmahConnect" */;
			buildPhases = (
				CCC4E7F92E35AD8E002078C1 /* Sources */,
				CCC4E7FA2E35AD8E002078C1 /* Frameworks */,
				CCC4E7FB2E35AD8E002078C1 /* Resources */,
			);
			buildRules = (
			);
			dependencies = (
			);
			fileSystemSynchronizedGroups = (
				CCC4E7FF2E35AD8E002078C1 /* UmmahConnect */,
			);
			name = UmmahConnect;
			packageProductDependencies = (
				CC886A1B2E36E9DC00DAB5C1 /* iPhoneNumberField */,
			);
			productName = UmmahConnect;
			productReference = CCC4E7FD2E35AD8E002078C1 /* UmmahConnect.app */;
			productType = "com.apple.product-type.application";
		};
		CCC4E80A2E35AD90002078C1 /* UmmahConnectTests */ = {
			isa = PBXNativeTarget;
			buildConfigurationList = CCC4E8222E35AD90002078C1 /* Build configuration list for PBXNativeTarget "UmmahConnectTests" */;
			buildPhases = (
				CCC4E8072E35AD90002078C1 /* Sources */,
				CCC4E8082E35AD90002078C1 /* Frameworks */,
				CCC4E8092E35AD90002078C1 /* Resources */,
			);
			buildRules = (
			);
			dependencies = (
				CCC4E80D2E35AD90002078C1 /* PBXTargetDependency */,
			);
			fileSystemSynchronizedGroups = (
				CCC4E80E2E35AD90002078C1 /* UmmahConnectTests */,
			);
			name = UmmahConnectTests;
			packageProductDependencies = (
			);
			productName = UmmahConnectTests;
			productReference = CCC4E80B2E35AD90002078C1 /* UmmahConnectTests.xctest */;
			productType = "com.apple.product-type.bundle.unit-test";
		};
		CCC4E8142E35AD90002078C1 /* UmmahConnectUITests */ = {
			isa = PBXNativeTarget;
			buildConfigurationList = CCC4E8252E35AD90002078C1 /* Build configuration list for PBXNativeTarget "UmmahConnectUITests" */;
			buildPhases = (
				CCC4E8112E35AD90002078C1 /* Sources */,
				CCC4E8122E35AD90002078C1 /* Frameworks */,
				CCC4E8132E35AD90002078C1 /* Resources */,
			);
			buildRules = (
			);
			dependencies = (
				CCC4E8172E35AD90002078C1 /* PBXTargetDependency */,
			);
			fileSystemSynchronizedGroups = (
				CCC4E8182E35AD90002078C1 /* UmmahConnectUITests */,
			);
			name = UmmahConnectUITests;
			packageProductDependencies = (
			);
			productName = UmmahConnectUITests;
			productReference = CCC4E8152E35AD90002078C1 /* UmmahConnectUITests.xctest */;
			productType = "com.apple.product-type.bundle.ui-testing";
		};
/* End PBXNativeTarget section */

/* Begin PBXProject section */
		CCC4E7F52E35AD8E002078C1 /* Project object */ = {
			isa = PBXProject;
			attributes = {
				BuildIndependentTargetsInParallel = 1;
				LastSwiftUpdateCheck = 1640;
				LastUpgradeCheck = 1640;
				TargetAttributes = {
					CC2236BF2E36DAE400ED0A22 = {
						CreatedOnToolsVersion = 16.4;
					};
					CCC4E7FC2E35AD8E002078C1 = {
						CreatedOnToolsVersion = 16.4;
					};
					CCC4E80A2E35AD90002078C1 = {
						CreatedOnToolsVersion = 16.4;
						TestTargetID = CCC4E7FC2E35AD8E002078C1;
					};
					CCC4E8142E35AD90002078C1 = {
						CreatedOnToolsVersion = 16.4;
						TestTargetID = CCC4E7FC2E35AD8E002078C1;
					};
				};
			};
			buildConfigurationList = CCC4E7F82E35AD8E002078C1 /* Build configuration list for PBXProject "UmmahConnect" */;
			developmentRegion = en;
			hasScannedForEncodings = 0;
			knownRegions = (
				en,
				Base,
			);
			mainGroup = CCC4E7F42E35AD8E002078C1;
			minimizedProjectReferenceProxies = 1;
			packageReferences = (
				CC886A1A2E36E9DC00DAB5C1 /* XCRemoteSwiftPackageReference "iPhoneNumberField" */,
			);
			preferredProjectObjectVersion = 77;
			productRefGroup = CCC4E7FE2E35AD8E002078C1 /* Products */;
			projectDirPath = "";
			projectRoot = "";
			targets = (
				CCC4E7FC2E35AD8E002078C1 /* UmmahConnect */,
				CCC4E80A2E35AD90002078C1 /* UmmahConnectTests */,
				CCC4E8142E35AD90002078C1 /* UmmahConnectUITests */,
				CC2236BF2E36DAE400ED0A22 /* PhoneNumberKit */,
			);
		};
/* End PBXProject section */

/* Begin PBXResourcesBuildPhase section */
		CC2236BE2E36DAE400ED0A22 /* Resources */ = {
			isa = PBXResourcesBuildPhase;
			buildActionMask = 2147483647;
			files = (
			);
			runOnlyForDeploymentPostprocessing = 0;
		};
		CCC4E7FB2E35AD8E002078C1 /* Resources */ = {
			isa = PBXResourcesBuildPhase;
			buildActionMask = 2147483647;
			files = (
			);
			runOnlyForDeploymentPostprocessing = 0;
		};
		CCC4E8092E35AD90002078C1 /* Resources */ = {
			isa = PBXResourcesBuildPhase;
			buildActionMask = 2147483647;
			files = (
			);
			runOnlyForDeploymentPostprocessing = 0;
		};
		CCC4E8132E35AD90002078C1 /* Resources */ = {
			isa = PBXResourcesBuildPhase;
			buildActionMask = 2147483647;
			files = (
			);
			runOnlyForDeploymentPostprocessing = 0;
		};
/* End PBXResourcesBuildPhase section */

/* Begin PBXSourcesBuildPhase section */
		CC2236BC2E36DAE400ED0A22 /* Sources */ = {
			isa = PBXSourcesBuildPhase;
			buildActionMask = 2147483647;
			files = (
			);
			runOnlyForDeploymentPostprocessing = 0;
		};
		CCC4E7F92E35AD8E002078C1 /* Sources */ = {
			isa = PBXSourcesBuildPhase;
			buildActionMask = 2147483647;
			files = (
			);
			runOnlyForDeploymentPostprocessing = 0;
		};
		CCC4E8072E35AD90002078C1 /* Sources */ = {
			isa = PBXSourcesBuildPhase;
			buildActionMask = 2147483647;
			files = (
			);
			runOnlyForDeploymentPostprocessing = 0;
		};
		CCC4E8112E35AD90002078C1 /* Sources */ = {
			isa = PBXSourcesBuildPhase;
			buildActionMask = 2147483647;
			files = (
			);
			runOnlyForDeploymentPostprocessing = 0;
		};
/* End PBXSourcesBuildPhase section */

/* Begin PBXTargetDependency section */
		CCC4E80D2E35AD90002078C1 /* PBXTargetDependency */ = {
			isa = PBXTargetDependency;
			target = CCC4E7FC2E35AD8E002078C1 /* UmmahConnect */;
			targetProxy = CCC4E80C2E35AD90002078C1 /* PBXContainerItemProxy */;
		};
		CCC4E8172E35AD90002078C1 /* PBXTargetDependency */ = {
			isa = PBXTargetDependency;
			target = CCC4E7FC2E35AD8E002078C1 /* UmmahConnect */;
			targetProxy = CCC4E8162E35AD90002078C1 /* PBXContainerItemProxy */;
		};
/* End PBXTargetDependency section */

/* Begin XCBuildConfiguration section */
		CC2236CA2E36DAE400ED0A22 /* Debug */ = {
			isa = XCBuildConfiguration;
			buildSettings = {
				CODE_SIGN_STYLE = Automatic;
				CURRENT_PROJECT_VERSION = 1;
				GENERATE_INFOPLIST_FILE = YES;
				INFOPLIST_FILE = PhoneNumberKit/Info.plist;
				INFOPLIST_KEY_CFBundleDisplayName = PhoneNumberKit;
				INFOPLIST_KEY_NSHumanReadableCopyright = "";
				IPHONEOS_DEPLOYMENT_TARGET = 18.5;
				LD_RUNPATH_SEARCH_PATHS = (
					"$(inherited)",
					"@executable_path/Frameworks",
					"@executable_path/../../Frameworks",
				);
				MARKETING_VERSION = 1.0;
				PRODUCT_BUNDLE_IDENTIFIER = com.ehab.ummahconnect.UmmahConnect.PhoneNumberKit;
				PRODUCT_NAME = "$(TARGET_NAME)";
				SDKROOT = iphoneos;
				SKIP_INSTALL = YES;
				SWIFT_EMIT_LOC_STRINGS = YES;
				SWIFT_VERSION = 5.0;
				TARGETED_DEVICE_FAMILY = "1,2";
			};
			name = Debug;
		};
		CC2236CB2E36DAE400ED0A22 /* Release */ = {
			isa = XCBuildConfiguration;
			buildSettings = {
				CODE_SIGN_STYLE = Automatic;
				CURRENT_PROJECT_VERSION = 1;
				GENERATE_INFOPLIST_FILE = YES;
				INFOPLIST_FILE = PhoneNumberKit/Info.plist;
				INFOPLIST_KEY_CFBundleDisplayName = PhoneNumberKit;
				INFOPLIST_KEY_NSHumanReadableCopyright = "";
				IPHONEOS_DEPLOYMENT_TARGET = 18.5;
				LD_RUNPATH_SEARCH_PATHS = (
					"$(inherited)",
					"@executable_path/Frameworks",
					"@executable_path/../../Frameworks",
				);
				MARKETING_VERSION = 1.0;
				PRODUCT_BUNDLE_IDENTIFIER = com.ehab.ummahconnect.UmmahConnect.PhoneNumberKit;
				PRODUCT_NAME = "$(TARGET_NAME)";
				SDKROOT = iphoneos;
				SKIP_INSTALL = YES;
				SWIFT_EMIT_LOC_STRINGS = YES;
				SWIFT_VERSION = 5.0;
				TARGETED_DEVICE_FAMILY = "1,2";
				VALIDATE_PRODUCT = YES;
			};
			name = Release;
		};
		CCC4E81D2E35AD90002078C1 /* Debug */ = {
			isa = XCBuildConfiguration;
			buildSettings = {
				ALWAYS_SEARCH_USER_PATHS = NO;
				ASSETCATALOG_COMPILER_GENERATE_SWIFT_ASSET_SYMBOL_EXTENSIONS = YES;
				CLANG_ANALYZER_NONNULL = YES;
				CLANG_ANALYZER_NUMBER_OBJECT_CONVERSION = YES_AGGRESSIVE;
				CLANG_CXX_LANGUAGE_STANDARD = "gnu++20";
				CLANG_ENABLE_MODULES = YES;
				CLANG_ENABLE_OBJC_ARC = YES;
				CLANG_ENABLE_OBJC_WEAK = YES;
				CLANG_WARN_BLOCK_CAPTURE_AUTORELEASING = YES;
				CLANG_WARN_BOOL_CONVERSION = YES;
				CLANG_WARN_COMMA = YES;
				CLANG_WARN_CONSTANT_CONVERSION = YES;
				CLANG_WARN_DEPRECATED_OBJC_IMPLEMENTATIONS = YES;
				CLANG_WARN_DIRECT_OBJC_ISA_USAGE = YES_ERROR;
				CLANG_WARN_DOCUMENTATION_COMMENTS = YES;
				CLANG_WARN_EMPTY_BODY = YES;
				CLANG_WARN_ENUM_CONVERSION = YES;
				CLANG_WARN_INFINITE_RECURSION = YES;
				CLANG_WARN_INT_CONVERSION = YES;
				CLANG_WARN_NON_LITERAL_NULL_CONVERSION = YES;
				CLANG_WARN_OBJC_IMPLICIT_RETAIN_SELF = YES;
				CLANG_WARN_OBJC_LITERAL_CONVERSION = YES;
				CLANG_WARN_OBJC_ROOT_CLASS = YES_ERROR;
				CLANG_WARN_QUOTED_INCLUDE_IN_FRAMEWORK_HEADER = YES;
				CLANG_WARN_RANGE_LOOP_ANALYSIS = YES;
				CLANG_WARN_STRICT_PROTOTYPES = YES;
				CLANG_WARN_SUSPICIOUS_MOVE = YES;
				CLANG_WARN_UNGUARDED_AVAILABILITY = YES_AGGRESSIVE;
				CLANG_WARN_UNREACHABLE_CODE = YES;
				CLANG_WARN__DUPLICATE_METHOD_MATCH = YES;
				COPY_PHASE_STRIP = NO;
				DEBUG_INFORMATION_FORMAT = dwarf;
				ENABLE_STRICT_OBJC_MSGSEND = YES;
				ENABLE_TESTABILITY = YES;
				ENABLE_USER_SCRIPT_SANDBOXING = YES;
				GCC_C_LANGUAGE_STANDARD = gnu17;
				GCC_DYNAMIC_NO_PIC = NO;
				GCC_NO_COMMON_BLOCKS = YES;
				GCC_OPTIMIZATION_LEVEL = 0;
				GCC_PREPROCESSOR_DEFINITIONS = (
					"DEBUG=1",
					"$(inherited)",
				);
				GCC_WARN_64_TO_32_BIT_CONVERSION = YES;
				GCC_WARN_ABOUT_RETURN_TYPE = YES_ERROR;
				GCC_WARN_UNDECLARED_SELECTOR = YES;
				GCC_WARN_UNINITIALIZED_AUTOS = YES_AGGRESSIVE;
				GCC_WARN_UNUSED_FUNCTION = YES;
				GCC_WARN_UNUSED_VARIABLE = YES;
				LOCALIZATION_PREFERS_STRING_CATALOGS = YES;
				MTL_ENABLE_DEBUG_INFO = INCLUDE_SOURCE;
				MTL_FAST_MATH = YES;
				ONLY_ACTIVE_ARCH = YES;
				SWIFT_ACTIVE_COMPILATION_CONDITIONS = "DEBUG $(inherited)";
				SWIFT_OPTIMIZATION_LEVEL = "-Onone";
			};
			name = Debug;
		};
		CCC4E81E2E35AD90002078C1 /* Release */ = {
			isa = XCBuildConfiguration;
			buildSettings = {
				ALWAYS_SEARCH_USER_PATHS = NO;
				ASSETCATALOG_COMPILER_GENERATE_SWIFT_ASSET_SYMBOL_EXTENSIONS = YES;
				CLANG_ANALYZER_NONNULL = YES;
				CLANG_ANALYZER_NUMBER_OBJECT_CONVERSION = YES_AGGRESSIVE;
				CLANG_CXX_LANGUAGE_STANDARD = "gnu++20";
				CLANG_ENABLE_MODULES = YES;
				CLANG_ENABLE_OBJC_ARC = YES;
				CLANG_ENABLE_OBJC_WEAK = YES;
				CLANG_WARN_BLOCK_CAPTURE_AUTORELEASING = YES;
				CLANG_WARN_BOOL_CONVERSION = YES;
				CLANG_WARN_COMMA = YES;
				CLANG_WARN_CONSTANT_CONVERSION = YES;
				CLANG_WARN_DEPRECATED_OBJC_IMPLEMENTATIONS = YES;
				CLANG_WARN_DIRECT_OBJC_ISA_USAGE = YES_ERROR;
				CLANG_WARN_DOCUMENTATION_COMMENTS = YES;
				CLANG_WARN_EMPTY_BODY = YES;
				CLANG_WARN_ENUM_CONVERSION = YES;
				CLANG_WARN_INFINITE_RECURSION = YES;
				CLANG_WARN_INT_CONVERSION = YES;
				CLANG_WARN_NON_LITERAL_NULL_CONVERSION = YES;
				CLANG_WARN_OBJC_IMPLICIT_RETAIN_SELF = YES;
				CLANG_WARN_OBJC_LITERAL_CONVERSION = YES;
				CLANG_WARN_OBJC_ROOT_CLASS = YES_ERROR;
				CLANG_WARN_QUOTED_INCLUDE_IN_FRAMEWORK_HEADER = YES;
				CLANG_WARN_RANGE_LOOP_ANALYSIS = YES;
				CLANG_WARN_STRICT_PROTOTYPES = YES;
				CLANG_WARN_SUSPICIOUS_MOVE = YES;
				CLANG_WARN_UNGUARDED_AVAILABILITY = YES_AGGRESSIVE;
				CLANG_WARN_UNREACHABLE_CODE = YES;
				CLANG_WARN__DUPLICATE_METHOD_MATCH = YES;
				COPY_PHASE_STRIP = NO;
				DEBUG_INFORMATION_FORMAT = "dwarf-with-dsym";
				ENABLE_NS_ASSERTIONS = NO;
				ENABLE_STRICT_OBJC_MSGSEND = YES;
				ENABLE_USER_SCRIPT_SANDBOXING = YES;
				GCC_C_LANGUAGE_STANDARD = gnu17;
				GCC_NO_COMMON_BLOCKS = YES;
				GCC_WARN_64_TO_32_BIT_CONVERSION = YES;
				GCC_WARN_ABOUT_RETURN_TYPE = YES_ERROR;
				GCC_WARN_UNDECLARED_SELECTOR = YES;
				GCC_WARN_UNINITIALIZED_AUTOS = YES_AGGRESSIVE;
				GCC_WARN_UNUSED_FUNCTION = YES;
				GCC_WARN_UNUSED_VARIABLE = YES;
				LOCALIZATION_PREFERS_STRING_CATALOGS = YES;
				MTL_ENABLE_DEBUG_INFO = NO;
				MTL_FAST_MATH = YES;
				SWIFT_COMPILATION_MODE = wholemodule;
			};
			name = Release;
		};
		CCC4E8202E35AD90002078C1 /* Debug */ = {
			isa = XCBuildConfiguration;
			buildSettings = {
				ASSETCATALOG_COMPILER_APPICON_NAME = AppIcon;
				ASSETCATALOG_COMPILER_GLOBAL_ACCENT_COLOR_NAME = AccentColor;
				CODE_SIGN_ENTITLEMENTS = UmmahConnect/UmmahConnect.entitlements;
				CODE_SIGN_STYLE = Automatic;
				CURRENT_PROJECT_VERSION = 1;
				ENABLE_PREVIEWS = YES;
				GENERATE_INFOPLIST_FILE = YES;
				"INFOPLIST_KEY_UIApplicationSceneManifest_Generation[sdk=iphoneos*]" = YES;
				"INFOPLIST_KEY_UIApplicationSceneManifest_Generation[sdk=iphonesimulator*]" = YES;
				"INFOPLIST_KEY_UIApplicationSupportsIndirectInputEvents[sdk=iphoneos*]" = YES;
				"INFOPLIST_KEY_UIApplicationSupportsIndirectInputEvents[sdk=iphonesimulator*]" = YES;
				"INFOPLIST_KEY_UILaunchScreen_Generation[sdk=iphoneos*]" = YES;
				"INFOPLIST_KEY_UILaunchScreen_Generation[sdk=iphonesimulator*]" = YES;
				"INFOPLIST_KEY_UIStatusBarStyle[sdk=iphoneos*]" = UIStatusBarStyleDefault;
				"INFOPLIST_KEY_UIStatusBarStyle[sdk=iphonesimulator*]" = UIStatusBarStyleDefault;
				INFOPLIST_KEY_UISupportedInterfaceOrientations_iPad = "UIInterfaceOrientationPortrait UIInterfaceOrientationPortraitUpsideDown UIInterfaceOrientationLandscapeLeft UIInterfaceOrientationLandscapeRight";
				INFOPLIST_KEY_UISupportedInterfaceOrientations_iPhone = "UIInterfaceOrientationPortrait UIInterfaceOrientationLandscapeLeft UIInterfaceOrientationLandscapeRight";
				IPHONEOS_DEPLOYMENT_TARGET = 18.5;
				LD_RUNPATH_SEARCH_PATHS = "@executable_path/Frameworks";
				"LD_RUNPATH_SEARCH_PATHS[sdk=macosx*]" = "@executable_path/../Frameworks";
				MACOSX_DEPLOYMENT_TARGET = 15.5;
				MARKETING_VERSION = 1.0;
				PRODUCT_BUNDLE_IDENTIFIER = com.ehab.ummahconnect.UmmahConnect;
				PRODUCT_NAME = "$(TARGET_NAME)";
				REGISTER_APP_GROUPS = YES;
				SDKROOT = auto;
				SUPPORTED_PLATFORMS = "iphoneos iphonesimulator macosx xros xrsimulator";
				SWIFT_EMIT_LOC_STRINGS = YES;
				SWIFT_VERSION = 5.0;
				TARGETED_DEVICE_FAMILY = "1,2,7";
				XROS_DEPLOYMENT_TARGET = 2.5;
			};
			name = Debug;
		};
		CCC4E8212E35AD90002078C1 /* Release */ = {
			isa = XCBuildConfiguration;
			buildSettings = {
				ASSETCATALOG_COMPILER_APPICON_NAME = AppIcon;
				ASSETCATALOG_COMPILER_GLOBAL_ACCENT_COLOR_NAME = AccentColor;
				CODE_SIGN_ENTITLEMENTS = UmmahConnect/UmmahConnect.entitlements;
				CODE_SIGN_STYLE = Automatic;
				CURRENT_PROJECT_VERSION = 1;
				ENABLE_PREVIEWS = YES;
				GENERATE_INFOPLIST_FILE = YES;
				"INFOPLIST_KEY_UIApplicationSceneManifest_Generation[sdk=iphoneos*]" = YES;
				"INFOPLIST_KEY_UIApplicationSceneManifest_Generation[sdk=iphonesimulator*]" = YES;
				"INFOPLIST_KEY_UIApplicationSupportsIndirectInputEvents[sdk=iphoneos*]" = YES;
				"INFOPLIST_KEY_UIApplicationSupportsIndirectInputEvents[sdk=iphonesimulator*]" = YES;
				"INFOPLIST_KEY_UILaunchScreen_Generation[sdk=iphoneos*]" = YES;
				"INFOPLIST_KEY_UILaunchScreen_Generation[sdk=iphonesimulator*]" = YES;
				"INFOPLIST_KEY_UIStatusBarStyle[sdk=iphoneos*]" = UIStatusBarStyleDefault;
				"INFOPLIST_KEY_UIStatusBarStyle[sdk=iphonesimulator*]" = UIStatusBarStyleDefault;
				INFOPLIST_KEY_UISupportedInterfaceOrientations_iPad = "UIInterfaceOrientationPortrait UIInterfaceOrientationPortraitUpsideDown UIInterfaceOrientationLandscapeLeft UIInterfaceOrientationLandscapeRight";
				INFOPLIST_KEY_UISupportedInterfaceOrientations_iPhone = "UIInterfaceOrientationPortrait UIInterfaceOrientationLandscapeLeft UIInterfaceOrientationLandscapeRight";
				IPHONEOS_DEPLOYMENT_TARGET = 18.5;
				LD_RUNPATH_SEARCH_PATHS = "@executable_path/Frameworks";
				"LD_RUNPATH_SEARCH_PATHS[sdk=macosx*]" = "@executable_path/../Frameworks";
				MACOSX_DEPLOYMENT_TARGET = 15.5;
				MARKETING_VERSION = 1.0;
				PRODUCT_BUNDLE_IDENTIFIER = com.ehab.ummahconnect.UmmahConnect;
				PRODUCT_NAME = "$(TARGET_NAME)";
				REGISTER_APP_GROUPS = YES;
				SDKROOT = auto;
				SUPPORTED_PLATFORMS = "iphoneos iphonesimulator macosx xros xrsimulator";
				SWIFT_EMIT_LOC_STRINGS = YES;
				SWIFT_VERSION = 5.0;
				TARGETED_DEVICE_FAMILY = "1,2,7";
				XROS_DEPLOYMENT_TARGET = 2.5;
			};
			name = Release;
		};
		CCC4E8232E35AD90002078C1 /* Debug */ = {
			isa = XCBuildConfiguration;
			buildSettings = {
				BUNDLE_LOADER = "$(TEST_HOST)";
				CODE_SIGN_STYLE = Automatic;
				CURRENT_PROJECT_VERSION = 1;
				GENERATE_INFOPLIST_FILE = YES;
				IPHONEOS_DEPLOYMENT_TARGET = 18.5;
				MACOSX_DEPLOYMENT_TARGET = 15.5;
				MARKETING_VERSION = 1.0;
				PRODUCT_BUNDLE_IDENTIFIER = com.ehab.ummahconnect.UmmahConnectTests;
				PRODUCT_NAME = "$(TARGET_NAME)";
				SDKROOT = auto;
				SUPPORTED_PLATFORMS = "iphoneos iphonesimulator macosx xros xrsimulator";
				SWIFT_EMIT_LOC_STRINGS = NO;
				SWIFT_VERSION = 5.0;
				TARGETED_DEVICE_FAMILY = "1,2,7";
				TEST_HOST = "$(BUILT_PRODUCTS_DIR)/UmmahConnect.app/$(BUNDLE_EXECUTABLE_FOLDER_PATH)/UmmahConnect";
				XROS_DEPLOYMENT_TARGET = 2.5;
			};
			name = Debug;
		};
		CCC4E8242E35AD90002078C1 /* Release */ = {
			isa = XCBuildConfiguration;
			buildSettings = {
				BUNDLE_LOADER = "$(TEST_HOST)";
				CODE_SIGN_STYLE = Automatic;
				CURRENT_PROJECT_VERSION = 1;
				GENERATE_INFOPLIST_FILE = YES;
				IPHONEOS_DEPLOYMENT_TARGET = 18.5;
				MACOSX_DEPLOYMENT_TARGET = 15.5;
				MARKETING_VERSION = 1.0;
				PRODUCT_BUNDLE_IDENTIFIER = com.ehab.ummahconnect.UmmahConnectTests;
				PRODUCT_NAME = "$(TARGET_NAME)";
				SDKROOT = auto;
				SUPPORTED_PLATFORMS = "iphoneos iphonesimulator macosx xros xrsimulator";
				SWIFT_EMIT_LOC_STRINGS = NO;
				SWIFT_VERSION = 5.0;
				TARGETED_DEVICE_FAMILY = "1,2,7";
				TEST_HOST = "$(BUILT_PRODUCTS_DIR)/UmmahConnect.app/$(BUNDLE_EXECUTABLE_FOLDER_PATH)/UmmahConnect";
				XROS_DEPLOYMENT_TARGET = 2.5;
			};
			name = Release;
		};
		CCC4E8262E35AD90002078C1 /* Debug */ = {
			isa = XCBuildConfiguration;
			buildSettings = {
				CODE_SIGN_STYLE = Automatic;
				CURRENT_PROJECT_VERSION = 1;
				GENERATE_INFOPLIST_FILE = YES;
				IPHONEOS_DEPLOYMENT_TARGET = 18.5;
				MACOSX_DEPLOYMENT_TARGET = 15.5;
				MARKETING_VERSION = 1.0;
				PRODUCT_BUNDLE_IDENTIFIER = com.ehab.ummahconnect.UmmahConnectUITests;
				PRODUCT_NAME = "$(TARGET_NAME)";
				SDKROOT = auto;
				SUPPORTED_PLATFORMS = "iphoneos iphonesimulator macosx xros xrsimulator";
				SWIFT_EMIT_LOC_STRINGS = NO;
				SWIFT_VERSION = 5.0;
				TARGETED_DEVICE_FAMILY = "1,2,7";
				TEST_TARGET_NAME = UmmahConnect;
				XROS_DEPLOYMENT_TARGET = 2.5;
			};
			name = Debug;
		};
		CCC4E8272E35AD90002078C1 /* Release */ = {
			isa = XCBuildConfiguration;
			buildSettings = {
				CODE_SIGN_STYLE = Automatic;
				CURRENT_PROJECT_VERSION = 1;
				GENERATE_INFOPLIST_FILE = YES;
				IPHONEOS_DEPLOYMENT_TARGET = 18.5;
				MACOSX_DEPLOYMENT_TARGET = 15.5;
				MARKETING_VERSION = 1.0;
				PRODUCT_BUNDLE_IDENTIFIER = com.ehab.ummahconnect.UmmahConnectUITests;
				PRODUCT_NAME = "$(TARGET_NAME)";
				SDKROOT = auto;
				SUPPORTED_PLATFORMS = "iphoneos iphonesimulator macosx xros xrsimulator";
				SWIFT_EMIT_LOC_STRINGS = NO;
				SWIFT_VERSION = 5.0;
				TARGETED_DEVICE_FAMILY = "1,2,7";
				TEST_TARGET_NAME = UmmahConnect;
				XROS_DEPLOYMENT_TARGET = 2.5;
			};
			name = Release;
		};
/* End XCBuildConfiguration section */

/* Begin XCConfigurationList section */
		CC2236C92E36DAE400ED0A22 /* Build configuration list for PBXNativeTarget "PhoneNumberKit" */ = {
			isa = XCConfigurationList;
			buildConfigurations = (
				CC2236CA2E36DAE400ED0A22 /* Debug */,
				CC2236CB2E36DAE400ED0A22 /* Release */,
			);
			defaultConfigurationIsVisible = 0;
			defaultConfigurationName = Release;
		};
		CCC4E7F82E35AD8E002078C1 /* Build configuration list for PBXProject "UmmahConnect" */ = {
			isa = XCConfigurationList;
			buildConfigurations = (
				CCC4E81D2E35AD90002078C1 /* Debug */,
				CCC4E81E2E35AD90002078C1 /* Release */,
			);
			defaultConfigurationIsVisible = 0;
			defaultConfigurationName = Release;
		};
		CCC4E81F2E35AD90002078C1 /* Build configuration list for PBXNativeTarget "UmmahConnect" */ = {
			isa = XCConfigurationList;
			buildConfigurations = (
				CCC4E8202E35AD90002078C1 /* Debug */,
				CCC4E8212E35AD90002078C1 /* Release */,
			);
			defaultConfigurationIsVisible = 0;
			defaultConfigurationName = Release;
		};
		CCC4E8222E35AD90002078C1 /* Build configuration list for PBXNativeTarget "UmmahConnectTests" */ = {
			isa = XCConfigurationList;
			buildConfigurations = (
				CCC4E8232E35AD90002078C1 /* Debug */,
				CCC4E8242E35AD90002078C1 /* Release */,
			);
			defaultConfigurationIsVisible = 0;
			defaultConfigurationName = Release;
		};
		CCC4E8252E35AD90002078C1 /* Build configuration list for PBXNativeTarget "UmmahConnectUITests" */ = {
			isa = XCConfigurationList;
			buildConfigurations = (
				CCC4E8262E35AD90002078C1 /* Debug */,
				CCC4E8272E35AD90002078C1 /* Release */,
			);
			defaultConfigurationIsVisible = 0;
			defaultConfigurationName = Release;
		};
/* End XCConfigurationList section */

/* Begin XCRemoteSwiftPackageReference section */
		CC886A1A2E36E9DC00DAB5C1 /* XCRemoteSwiftPackageReference "iPhoneNumberField" */ = {
			isa = XCRemoteSwiftPackageReference;
			repositoryURL = "https://github.com/MojtabaHs/iPhoneNumberField";
			requirement = {
				kind = upToNextMajorVersion;
				minimumVersion = 0.10.4;
			};
		};
/* End XCRemoteSwiftPackageReference section */

/* Begin XCSwiftPackageProductDependency section */
		CC886A1B2E36E9DC00DAB5C1 /* iPhoneNumberField */ = {
			isa = XCSwiftPackageProductDependency;
			package = CC886A1A2E36E9DC00DAB5C1 /* XCRemoteSwiftPackageReference "iPhoneNumberField" */;
			productName = iPhoneNumberField;
		};
/* End XCSwiftPackageProductDependency section */
	};
	rootObject = CCC4E7F52E35AD8E002078C1 /* Project object */;
}
